
Microsoft Visual Studio Solution File, Format Version 12.00
# Visual Studio Version 16
VisualStudioVersion = 16.0.31205.134
MinimumVisualStudioVersion = 10.0.40219.1
Project("{8BC9CEB8-8B4A-11D0-8D11-00A0C91BC942}") = "WINAPI_PF", "WINAPI_PF\WINAPI_PF.vcxproj", "{64F642D1-DE04-428B-B50A-81857E8AECDF}"
EndProject
Global
	GlobalSection(SolutionConfigurationPlatforms) = preSolution
		Debug|x64 = Debug|x64
		Debug|x86 = Debug|x86
		Release|x64 = Release|x64
		Release|x86 = Release|x86
	EndGlobalSection
	GlobalSection(ProjectConfigurationPlatforms) = postSolution
		{64F642D1-DE04-428B-B50A-81857E8AECDF}.Debug|x64.ActiveCfg = Debug|x64
		{64F642D1-DE04-428B-B50A-81857E8AECDF}.Debug|x64.Build.0 = Debug|x64
		{64F642D1-DE04-428B-B50A-81857E8AECDF}.Debug|x86.ActiveCfg = Debug|Win32
		{64F642D1-DE04-428B-B50A-81857E8AECDF}.Debug|x86.Build.0 = Debug|Win32
		{64F642D1-DE04-428B-B50A-81857E8AECDF}.Release|x64.ActiveCfg = Release|x64
		{64F642D1-DE04-428B-B50A-81857E8AECDF}.Release|x64.Build.0 = Release|x64
		{64F642D1-DE04-428B-B50A-81857E8AECDF}.Release|x86.ActiveCfg = Release|Win32
		{64F642D1-DE04-428B-B50A-81857E8AECDF}.Release|x86.Build.0 = Release|Win32
	EndGlobalSection
	GlobalSection(SolutionProperties) = preSolution
		HideSolutionNode = FALSE
	EndGlobalSection
	GlobalSection(ExtensibilityGlobals) = postSolution
		SolutionGuid = {B24500B9-9EA5-4F38-81F5-2BAADA671196}
	EndGlobalSection
EndGlobal
